
Microsoft Visual Studio Solution File, Format Version 12.00
# Visual Studio Version 17
VisualStudioVersion = 17.4.33122.133
MinimumVisualStudioVersion = 10.0.40219.1
Project("{FAE04EC0-301F-11D3-BF4B-00C04F79EFBC}") = "Library Management System", "Library Management System\Library Management System.csproj", "{929B4A7D-9614-4CBF-BCDA-39CEBEECD672}"
EndProject
Project("{FAE04EC0-301F-11D3-BF4B-00C04F79EFBC}") = "DatabaseLayer", "DatabaseLayer\DatabaseLayer.csproj", "{13D7EE56-3DAC-4C7D-A049-DD640499CFBC}"
EndProject
Global
	GlobalSection(SolutionConfigurationPlatforms) = preSolution
		Debug|Any CPU = Debug|Any CPU
		Release|Any CPU = Release|Any CPU
	EndGlobalSection
	GlobalSection(ProjectConfigurationPlatforms) = postSolution
		{929B4A7D-9614-4CBF-BCDA-39CEBEECD672}.Debug|Any CPU.ActiveCfg = Debug|Any CPU
		{929B4A7D-9614-4CBF-BCDA-39CEBEECD672}.Debug|Any CPU.Build.0 = Debug|Any CPU
		{929B4A7D-9614-4CBF-BCDA-39CEBEECD672}.Release|Any CPU.ActiveCfg = Release|Any CPU
		{929B4A7D-9614-4CBF-BCDA-39CEBEECD672}.Release|Any CPU.Build.0 = Release|Any CPU
		{13D7EE56-3DAC-4C7D-A049-DD640499CFBC}.Debug|Any CPU.ActiveCfg = Debug|Any CPU
		{13D7EE56-3DAC-4C7D-A049-DD640499CFBC}.Debug|Any CPU.Build.0 = Debug|Any CPU
		{13D7EE56-3DAC-4C7D-A049-DD640499CFBC}.Release|Any CPU.ActiveCfg = Release|Any CPU
		{13D7EE56-3DAC-4C7D-A049-DD640499CFBC}.Release|Any CPU.Build.0 = Release|Any CPU
	EndGlobalSection
	GlobalSection(SolutionProperties) = preSolution
		HideSolutionNode = FALSE
	EndGlobalSection
	GlobalSection(ExtensibilityGlobals) = postSolution
		SolutionGuid = {C29122E8-6D5D-4A12-8755-B728FD62CEE1}
	EndGlobalSection
EndGlobal
